
Microsoft Visual Studio Solution File, Format Version 12.00
# Visual Studio 15
VisualStudioVersion = 15.0.27703.2042
MinimumVisualStudioVersion = 10.0.40219.1
Project("{FAE04EC0-301F-11D3-BF4B-00C04F79EFBC}") = "QsortApp", "QsortApp\QsortApp.csproj", "{A37A4777-0C1F-4C37-8EA0-7B4F8254F80F}"
EndProject
Global
	GlobalSection(SolutionConfigurationPlatforms) = preSolution
		Debug|Any CPU = Debug|Any CPU
		Release|Any CPU = Release|Any CPU
	EndGlobalSection
	GlobalSection(ProjectConfigurationPlatforms) = postSolution
		{A37A4777-0C1F-4C37-8EA0-7B4F8254F80F}.Debug|Any CPU.ActiveCfg = Debug|Any CPU
		{A37A4777-0C1F-4C37-8EA0-7B4F8254F80F}.Debug|Any CPU.Build.0 = Debug|Any CPU
		{A37A4777-0C1F-4C37-8EA0-7B4F8254F80F}.Release|Any CPU.ActiveCfg = Release|Any CPU
		{A37A4777-0C1F-4C37-8EA0-7B4F8254F80F}.Release|Any CPU.Build.0 = Release|Any CPU
	EndGlobalSection
	GlobalSection(SolutionProperties) = preSolution
		HideSolutionNode = FALSE
	EndGlobalSection
	GlobalSection(ExtensibilityGlobals) = postSolution
		SolutionGuid = {3FEA060E-DF2B-4934-ACF3-2DEFDFDF7D13}
	EndGlobalSection
EndGlobal
